
Microsoft Visual Studio Solution File, Format Version 12.00
# Visual Studio 2012
Project("{D954291E-2A0B-460D-934E-DC6B0785DB48}") = "Tracker", "Tracker\Tracker.shproj", "{CFD3347A-B5D8-43BA-94F8-90CBCFF48059}"
EndProject
Project("{FAE04EC0-301F-11D3-BF4B-00C04F79EFBC}") = "Tracker.iOS", "iOS\Tracker.iOS.csproj", "{B92965E8-3120-4F70-9A70-B161C30A4452}"
EndProject
Project("{FAE04EC0-301F-11D3-BF4B-00C04F79EFBC}") = "Tracker.Droid", "Droid\Tracker.Droid.csproj", "{F9FA7B68-89D3-416A-B435-90433532F5DE}"
EndProject
Global
	GlobalSection(SolutionConfigurationPlatforms) = preSolution
		Debug|iPhoneSimulator = Debug|iPhoneSimulator
		Release|iPhone = Release|iPhone
		Release|iPhoneSimulator = Release|iPhoneSimulator
		Debug|iPhone = Debug|iPhone
		Debug|Any CPU = Debug|Any CPU
		Release|Any CPU = Release|Any CPU
	EndGlobalSection
	GlobalSection(ProjectConfigurationPlatforms) = postSolution
		{B92965E8-3120-4F70-9A70-B161C30A4452}.Debug|iPhoneSimulator.ActiveCfg = Debug|iPhoneSimulator
		{B92965E8-3120-4F70-9A70-B161C30A4452}.Debug|iPhoneSimulator.Build.0 = Debug|iPhoneSimulator
		{B92965E8-3120-4F70-9A70-B161C30A4452}.Release|iPhone.ActiveCfg = Release|iPhone
		{B92965E8-3120-4F70-9A70-B161C30A4452}.Release|iPhone.Build.0 = Release|iPhone
		{B92965E8-3120-4F70-9A70-B161C30A4452}.Release|iPhoneSimulator.ActiveCfg = Release|iPhoneSimulator
		{B92965E8-3120-4F70-9A70-B161C30A4452}.Release|iPhoneSimulator.Build.0 = Release|iPhoneSimulator
		{B92965E8-3120-4F70-9A70-B161C30A4452}.Debug|iPhone.ActiveCfg = Debug|iPhone
		{B92965E8-3120-4F70-9A70-B161C30A4452}.Debug|iPhone.Build.0 = Debug|iPhone
		{B92965E8-3120-4F70-9A70-B161C30A4452}.Debug|Any CPU.ActiveCfg = Debug|iPhoneSimulator
		{B92965E8-3120-4F70-9A70-B161C30A4452}.Debug|Any CPU.Build.0 = Debug|iPhoneSimulator
		{B92965E8-3120-4F70-9A70-B161C30A4452}.Release|Any CPU.ActiveCfg = Release|iPhone
		{B92965E8-3120-4F70-9A70-B161C30A4452}.Release|Any CPU.Build.0 = Release|iPhone
		{F9FA7B68-89D3-416A-B435-90433532F5DE}.Debug|iPhoneSimulator.ActiveCfg = Debug|Any CPU
		{F9FA7B68-89D3-416A-B435-90433532F5DE}.Debug|iPhoneSimulator.Build.0 = Debug|Any CPU
		{F9FA7B68-89D3-416A-B435-90433532F5DE}.Release|iPhone.ActiveCfg = Release|Any CPU
		{F9FA7B68-89D3-416A-B435-90433532F5DE}.Release|iPhone.Build.0 = Release|Any CPU
		{F9FA7B68-89D3-416A-B435-90433532F5DE}.Release|iPhoneSimulator.ActiveCfg = Release|Any CPU
		{F9FA7B68-89D3-416A-B435-90433532F5DE}.Release|iPhoneSimulator.Build.0 = Release|Any CPU
		{F9FA7B68-89D3-416A-B435-90433532F5DE}.Debug|iPhone.ActiveCfg = Debug|Any CPU
		{F9FA7B68-89D3-416A-B435-90433532F5DE}.Debug|iPhone.Build.0 = Debug|Any CPU
		{F9FA7B68-89D3-416A-B435-90433532F5DE}.Debug|Any CPU.ActiveCfg = Debug|Any CPU
		{F9FA7B68-89D3-416A-B435-90433532F5DE}.Debug|Any CPU.Build.0 = Debug|Any CPU
		{F9FA7B68-89D3-416A-B435-90433532F5DE}.Release|Any CPU.ActiveCfg = Release|Any CPU
		{F9FA7B68-89D3-416A-B435-90433532F5DE}.Release|Any CPU.Build.0 = Release|Any CPU
	EndGlobalSection
EndGlobal
